
Microsoft Visual Studio Solution File, Format Version 12.00
# Visual Studio Version 17
VisualStudioVersion = 17.1.32210.238
MinimumVisualStudioVersion = 10.0.40219.1
Project("{FAE04EC0-301F-11D3-BF4B-00C04F79EFBC}") = "WSOperation", "WSOperation.csproj", "{F95DA15E-F350-4953-BF30-6E0335D7AFE0}"
EndProject
Global
	GlobalSection(SolutionConfigurationPlatforms) = preSolution
		Debug|Any CPU = Debug|Any CPU
		Release|Any CPU = Release|Any CPU
	EndGlobalSection
	GlobalSection(ProjectConfigurationPlatforms) = postSolution
		{F95DA15E-F350-4953-BF30-6E0335D7AFE0}.Debug|Any CPU.ActiveCfg = Debug|Any CPU
		{F95DA15E-F350-4953-BF30-6E0335D7AFE0}.Debug|Any CPU.Build.0 = Debug|Any CPU
		{F95DA15E-F350-4953-BF30-6E0335D7AFE0}.Release|Any CPU.ActiveCfg = Release|Any CPU
		{F95DA15E-F350-4953-BF30-6E0335D7AFE0}.Release|Any CPU.Build.0 = Release|Any CPU
	EndGlobalSection
	GlobalSection(SolutionProperties) = preSolution
		HideSolutionNode = FALSE
	EndGlobalSection
	GlobalSection(ExtensibilityGlobals) = postSolution
		SolutionGuid = {1327E69B-863A-498C-8185-EF5DA197BB0F}
	EndGlobalSection
EndGlobal
